
Microsoft Visual Studio Solution File, Format Version 12.00
# Visual Studio Version 17
VisualStudioVersion = 17.5.33516.290
MinimumVisualStudioVersion = 10.0.40219.1
Project("{FAE04EC0-301F-11D3-BF4B-00C04F79EFBC}") = "BlackJackCS", "BlackJackCS.csproj", "{D499322F-4B17-44DE-99C7-460D1CE2178E}"
EndProject
Global
	GlobalSection(SolutionConfigurationPlatforms) = preSolution
		Debug|Any CPU = Debug|Any CPU
		Release|Any CPU = Release|Any CPU
	EndGlobalSection
	GlobalSection(ProjectConfigurationPlatforms) = postSolution
		{D499322F-4B17-44DE-99C7-460D1CE2178E}.Debug|Any CPU.ActiveCfg = Debug|Any CPU
		{D499322F-4B17-44DE-99C7-460D1CE2178E}.Debug|Any CPU.Build.0 = Debug|Any CPU
		{D499322F-4B17-44DE-99C7-460D1CE2178E}.Release|Any CPU.ActiveCfg = Release|Any CPU
		{D499322F-4B17-44DE-99C7-460D1CE2178E}.Release|Any CPU.Build.0 = Release|Any CPU
	EndGlobalSection
	GlobalSection(SolutionProperties) = preSolution
		HideSolutionNode = FALSE
	EndGlobalSection
	GlobalSection(ExtensibilityGlobals) = postSolution
		SolutionGuid = {F76F8C07-28AC-411F-88A7-B0994D13A1A1}
	EndGlobalSection
EndGlobal
